
Microsoft Visual Studio Solution File, Format Version 12.00
# Visual Studio 2013
VisualStudioVersion = 12.0.31101.0
MinimumVisualStudioVersion = 10.0.40219.1
Project("{FAE04EC0-301F-11D3-BF4B-00C04F79EFBC}") = "1. RetriveSomeMoney", "2. RetriveSomeMoney\1. RetriveSomeMoney.csproj", "{6B888C42-4679-47C4-ABE2-EC8F4A013288}"
EndProject
Project("{FAE04EC0-301F-11D3-BF4B-00C04F79EFBC}") = "ATM", "ATM\ATM.csproj", "{47D69419-91E8-4FD9-81A8-06B7E0510276}"
EndProject
Global
	GlobalSection(SolutionConfigurationPlatforms) = preSolution
		Debug|Any CPU = Debug|Any CPU
		Release|Any CPU = Release|Any CPU
	EndGlobalSection
	GlobalSection(ProjectConfigurationPlatforms) = postSolution
		{6B888C42-4679-47C4-ABE2-EC8F4A013288}.Debug|Any CPU.ActiveCfg = Debug|Any CPU
		{6B888C42-4679-47C4-ABE2-EC8F4A013288}.Debug|Any CPU.Build.0 = Debug|Any CPU
		{6B888C42-4679-47C4-ABE2-EC8F4A013288}.Release|Any CPU.ActiveCfg = Release|Any CPU
		{6B888C42-4679-47C4-ABE2-EC8F4A013288}.Release|Any CPU.Build.0 = Release|Any CPU
		{47D69419-91E8-4FD9-81A8-06B7E0510276}.Debug|Any CPU.ActiveCfg = Debug|Any CPU
		{47D69419-91E8-4FD9-81A8-06B7E0510276}.Debug|Any CPU.Build.0 = Debug|Any CPU
		{47D69419-91E8-4FD9-81A8-06B7E0510276}.Release|Any CPU.ActiveCfg = Release|Any CPU
		{47D69419-91E8-4FD9-81A8-06B7E0510276}.Release|Any CPU.Build.0 = Release|Any CPU
	EndGlobalSection
	GlobalSection(SolutionProperties) = preSolution
		HideSolutionNode = FALSE
	EndGlobalSection
EndGlobal
