
Microsoft Visual Studio Solution File, Format Version 12.00
# Visual Studio 2013
VisualStudioVersion = 12.0.31101.0
MinimumVisualStudioVersion = 10.0.40219.1
Project("{FAE04EC0-301F-11D3-BF4B-00C04F79EFBC}") = "2.StaticMethodsDB", "EntityHomework\2.StaticMethodsDB.csproj", "{6EE449C5-36BD-4D31-80CE-7CEFB2C11D40}"
EndProject
Project("{FAE04EC0-301F-11D3-BF4B-00C04F79EFBC}") = "1.MyNorthwindDB", "MyNorthwindDB\1.MyNorthwindDB.csproj", "{0FCE0C7A-8633-4FB8-A484-B3C5A06E6528}"
EndProject
Project("{FAE04EC0-301F-11D3-BF4B-00C04F79EFBC}") = "3. FindCustomers", "3. FindCustomers\3. FindCustomers.csproj", "{869D872E-D0FA-4B56-B41F-F7DD0E51A94F}"
EndProject
Project("{FAE04EC0-301F-11D3-BF4B-00C04F79EFBC}") = "4. NativeQuery", "4. NativeQuery\4. NativeQuery.csproj", "{07962AED-1A5A-4A41-8CD6-409AD0782CB2}"
EndProject
Project("{FAE04EC0-301F-11D3-BF4B-00C04F79EFBC}") = "5. MethodForSpecRegion", "5. MethodForSpecRegion\5. MethodForSpecRegion.csproj", "{90F273EE-3BFC-4184-8E5D-074F19070FDA}"
EndProject
Global
	GlobalSection(SolutionConfigurationPlatforms) = preSolution
		Debug|Any CPU = Debug|Any CPU
		Release|Any CPU = Release|Any CPU
	EndGlobalSection
	GlobalSection(ProjectConfigurationPlatforms) = postSolution
		{6EE449C5-36BD-4D31-80CE-7CEFB2C11D40}.Debug|Any CPU.ActiveCfg = Debug|Any CPU
		{6EE449C5-36BD-4D31-80CE-7CEFB2C11D40}.Debug|Any CPU.Build.0 = Debug|Any CPU
		{6EE449C5-36BD-4D31-80CE-7CEFB2C11D40}.Release|Any CPU.ActiveCfg = Release|Any CPU
		{6EE449C5-36BD-4D31-80CE-7CEFB2C11D40}.Release|Any CPU.Build.0 = Release|Any CPU
		{0FCE0C7A-8633-4FB8-A484-B3C5A06E6528}.Debug|Any CPU.ActiveCfg = Debug|Any CPU
		{0FCE0C7A-8633-4FB8-A484-B3C5A06E6528}.Debug|Any CPU.Build.0 = Debug|Any CPU
		{0FCE0C7A-8633-4FB8-A484-B3C5A06E6528}.Release|Any CPU.ActiveCfg = Release|Any CPU
		{0FCE0C7A-8633-4FB8-A484-B3C5A06E6528}.Release|Any CPU.Build.0 = Release|Any CPU
		{869D872E-D0FA-4B56-B41F-F7DD0E51A94F}.Debug|Any CPU.ActiveCfg = Debug|Any CPU
		{869D872E-D0FA-4B56-B41F-F7DD0E51A94F}.Debug|Any CPU.Build.0 = Debug|Any CPU
		{869D872E-D0FA-4B56-B41F-F7DD0E51A94F}.Release|Any CPU.ActiveCfg = Release|Any CPU
		{869D872E-D0FA-4B56-B41F-F7DD0E51A94F}.Release|Any CPU.Build.0 = Release|Any CPU
		{07962AED-1A5A-4A41-8CD6-409AD0782CB2}.Debug|Any CPU.ActiveCfg = Debug|Any CPU
		{07962AED-1A5A-4A41-8CD6-409AD0782CB2}.Debug|Any CPU.Build.0 = Debug|Any CPU
		{07962AED-1A5A-4A41-8CD6-409AD0782CB2}.Release|Any CPU.ActiveCfg = Release|Any CPU
		{07962AED-1A5A-4A41-8CD6-409AD0782CB2}.Release|Any CPU.Build.0 = Release|Any CPU
		{90F273EE-3BFC-4184-8E5D-074F19070FDA}.Debug|Any CPU.ActiveCfg = Debug|Any CPU
		{90F273EE-3BFC-4184-8E5D-074F19070FDA}.Debug|Any CPU.Build.0 = Debug|Any CPU
		{90F273EE-3BFC-4184-8E5D-074F19070FDA}.Release|Any CPU.ActiveCfg = Release|Any CPU
		{90F273EE-3BFC-4184-8E5D-074F19070FDA}.Release|Any CPU.Build.0 = Release|Any CPU
	EndGlobalSection
	GlobalSection(SolutionProperties) = preSolution
		HideSolutionNode = FALSE
	EndGlobalSection
EndGlobal
